// !$*UTF8*$!
{
	archiveVersion = 1;
	classes = {
	};
	objectVersion = 56;
	objects = {

/* Begin PBXBuildFile section */
		0740AB672912F0CC0000BC79 /* LandingView.swift in Sources */ = {isa = PBXBuildFile; fileRef = 0740AB662912F0CC0000BC79 /* LandingView.swift */; };
		0740AB692912F4390000BC79 /* GroupDetailView.swift in Sources */ = {isa = PBXBuildFile; fileRef = 0740AB682912F4390000BC79 /* GroupDetailView.swift */; };
		0740AB6B291349930000BC79 /* GroupDetailsViewModel.swift in Sources */ = {isa = PBXBuildFile; fileRef = 0740AB6A291349930000BC79 /* GroupDetailsViewModel.swift */; };
		0740AB6D291489140000BC79 /* GroupDto.swift in Sources */ = {isa = PBXBuildFile; fileRef = 0740AB6C291489140000BC79 /* GroupDto.swift */; };
		07A8A80F2909AA800011638F /* Group.swift in Sources */ = {isa = PBXBuildFile; fileRef = 07A8A80E2909AA800011638F /* Group.swift */; };
		07A8A8112909AA990011638F /* Route.swift in Sources */ = {isa = PBXBuildFile; fileRef = 07A8A8102909AA990011638F /* Route.swift */; };
		07A8A8152909BCA50011638F /* Member.swift in Sources */ = {isa = PBXBuildFile; fileRef = 07A8A8142909BCA50011638F /* Member.swift */; };
		07A8A8202909C3EC0011638F /* GroupsView.swift in Sources */ = {isa = PBXBuildFile; fileRef = 07A8A81F2909C3EC0011638F /* GroupsView.swift */; };
		07A8A8222909DD130011638F /* GroupCardView.swift in Sources */ = {isa = PBXBuildFile; fileRef = 07A8A8212909DD130011638F /* GroupCardView.swift */; };
		07A8A8252909E9670011638F /* GroupsViewModel.swift in Sources */ = {isa = PBXBuildFile; fileRef = 07A8A8242909E9670011638F /* GroupsViewModel.swift */; };
		07A8A827290DDB8F0011638F /* RoutesChoiceView.swift in Sources */ = {isa = PBXBuildFile; fileRef = 07A8A826290DDB8F0011638F /* RoutesChoiceView.swift */; };
		07A8A82B290F12910011638F /* ColorExtension.swift in Sources */ = {isa = PBXBuildFile; fileRef = 07A8A82A290F12910011638F /* ColorExtension.swift */; };
		07E62D7329046B3000D18E11 /* NsGroupTravelApp.swift in Sources */ = {isa = PBXBuildFile; fileRef = 07E62D7229046B3000D18E11 /* NsGroupTravelApp.swift */; };
		07E62D7729046B3100D18E11 /* Assets.xcassets in Resources */ = {isa = PBXBuildFile; fileRef = 07E62D7629046B3100D18E11 /* Assets.xcassets */; };
		07E62D7A29046B3100D18E11 /* Preview Assets.xcassets in Resources */ = {isa = PBXBuildFile; fileRef = 07E62D7929046B3100D18E11 /* Preview Assets.xcassets */; };
		07E62D822904740600D18E11 /* FirebaseFirestore in Frameworks */ = {isa = PBXBuildFile; productRef = 07E62D812904740600D18E11 /* FirebaseFirestore */; };
		07E62D842904748100D18E11 /* GoogleService-Info.plist in Resources */ = {isa = PBXBuildFile; fileRef = 07E62D832904748000D18E11 /* GoogleService-Info.plist */; };
/* End PBXBuildFile section */

/* Begin PBXFileReference section */
		0740AB662912F0CC0000BC79 /* LandingView.swift */ = {isa = PBXFileReference; lastKnownFileType = sourcecode.swift; path = LandingView.swift; sourceTree = "<group>"; };
		0740AB682912F4390000BC79 /* GroupDetailView.swift */ = {isa = PBXFileReference; lastKnownFileType = sourcecode.swift; path = GroupDetailView.swift; sourceTree = "<group>"; };
		0740AB6A291349930000BC79 /* GroupDetailsViewModel.swift */ = {isa = PBXFileReference; lastKnownFileType = sourcecode.swift; path = GroupDetailsViewModel.swift; sourceTree = "<group>"; };
		0740AB6C291489140000BC79 /* GroupDto.swift */ = {isa = PBXFileReference; lastKnownFileType = sourcecode.swift; path = GroupDto.swift; sourceTree = "<group>"; };
		07A8A80E2909AA800011638F /* Group.swift */ = {isa = PBXFileReference; lastKnownFileType = sourcecode.swift; path = Group.swift; sourceTree = "<group>"; };
		07A8A8102909AA990011638F /* Route.swift */ = {isa = PBXFileReference; lastKnownFileType = sourcecode.swift; path = Route.swift; sourceTree = "<group>"; };
		07A8A8142909BCA50011638F /* Member.swift */ = {isa = PBXFileReference; lastKnownFileType = sourcecode.swift; path = Member.swift; sourceTree = "<group>"; };
		07A8A81F2909C3EC0011638F /* GroupsView.swift */ = {isa = PBXFileReference; lastKnownFileType = sourcecode.swift; path = GroupsView.swift; sourceTree = "<group>"; };
		07A8A8212909DD130011638F /* GroupCardView.swift */ = {isa = PBXFileReference; lastKnownFileType = sourcecode.swift; path = GroupCardView.swift; sourceTree = "<group>"; };
		07A8A8242909E9670011638F /* GroupsViewModel.swift */ = {isa = PBXFileReference; lastKnownFileType = sourcecode.swift; path = GroupsViewModel.swift; sourceTree = "<group>"; };
		07A8A826290DDB8F0011638F /* RoutesChoiceView.swift */ = {isa = PBXFileReference; lastKnownFileType = sourcecode.swift; path = RoutesChoiceView.swift; sourceTree = "<group>"; };
		07A8A82A290F12910011638F /* ColorExtension.swift */ = {isa = PBXFileReference; lastKnownFileType = sourcecode.swift; path = ColorExtension.swift; sourceTree = "<group>"; };
		07E62D6F29046B3000D18E11 /* NsGroupTravel.app */ = {isa = PBXFileReference; explicitFileType = wrapper.application; includeInIndex = 0; path = NsGroupTravel.app; sourceTree = BUILT_PRODUCTS_DIR; };
		07E62D7229046B3000D18E11 /* NsGroupTravelApp.swift */ = {isa = PBXFileReference; lastKnownFileType = sourcecode.swift; path = NsGroupTravelApp.swift; sourceTree = "<group>"; };
		07E62D7629046B3100D18E11 /* Assets.xcassets */ = {isa = PBXFileReference; lastKnownFileType = folder.assetcatalog; path = Assets.xcassets; sourceTree = "<group>"; };
		07E62D7929046B3100D18E11 /* Preview Assets.xcassets */ = {isa = PBXFileReference; lastKnownFileType = folder.assetcatalog; path = "Preview Assets.xcassets"; sourceTree = "<group>"; };
		07E62D832904748000D18E11 /* GoogleService-Info.plist */ = {isa = PBXFileReference; fileEncoding = 4; lastKnownFileType = text.plist.xml; path = "GoogleService-Info.plist"; sourceTree = "<group>"; };
/* End PBXFileReference section */

/* Begin PBXFrameworksBuildPhase section */
		07E62D6C29046B3000D18E11 /* Frameworks */ = {
			isa = PBXFrameworksBuildPhase;
			buildActionMask = 2147483647;
			files = (
				07E62D822904740600D18E11 /* FirebaseFirestore in Frameworks */,
			);
			runOnlyForDeploymentPostprocessing = 0;
		};
/* End PBXFrameworksBuildPhase section */

/* Begin PBXGroup section */
		07A8A80B2909AA190011638F /* Models */ = {
			isa = PBXGroup;
			children = (
				07A8A80E2909AA800011638F /* Group.swift */,
				07A8A8102909AA990011638F /* Route.swift */,
				07A8A8142909BCA50011638F /* Member.swift */,
				0740AB6C291489140000BC79 /* GroupDto.swift */,
			);
			path = Models;
			sourceTree = "<group>";
		};
		07A8A8122909AE360011638F /* Views */ = {
			isa = PBXGroup;
			children = (
				07A8A81F2909C3EC0011638F /* GroupsView.swift */,
				07A8A8212909DD130011638F /* GroupCardView.swift */,
				07A8A826290DDB8F0011638F /* RoutesChoiceView.swift */,
				0740AB662912F0CC0000BC79 /* LandingView.swift */,
				0740AB682912F4390000BC79 /* GroupDetailView.swift */,
			);
			path = Views;
			sourceTree = "<group>";
		};
		07A8A8232909E92F0011638F /* ViewModels */ = {
			isa = PBXGroup;
			children = (
				07A8A8242909E9670011638F /* GroupsViewModel.swift */,
				0740AB6A291349930000BC79 /* GroupDetailsViewModel.swift */,
			);
			path = ViewModels;
			sourceTree = "<group>";
		};
		07A8A828290F12410011638F /* Utilities */ = {
			isa = PBXGroup;
			children = (
				07A8A829290F125B0011638F /* Extensions */,
			);
			path = Utilities;
			sourceTree = "<group>";
		};
		07A8A829290F125B0011638F /* Extensions */ = {
			isa = PBXGroup;
			children = (
				07A8A82A290F12910011638F /* ColorExtension.swift */,
			);
			path = Extensions;
			sourceTree = "<group>";
		};
		07E62D6629046B3000D18E11 = {
			isa = PBXGroup;
			children = (
				07E62D7129046B3000D18E11 /* NsGroupTravel */,
				07E62D7029046B3000D18E11 /* Products */,
			);
			sourceTree = "<group>";
		};
		07E62D7029046B3000D18E11 /* Products */ = {
			isa = PBXGroup;
			children = (
				07E62D6F29046B3000D18E11 /* NsGroupTravel.app */,
			);
			name = Products;
			sourceTree = "<group>";
		};
		07E62D7129046B3000D18E11 /* NsGroupTravel */ = {
			isa = PBXGroup;
			children = (
				07A8A828290F12410011638F /* Utilities */,
				07A8A8232909E92F0011638F /* ViewModels */,
				07A8A8122909AE360011638F /* Views */,
				07A8A80B2909AA190011638F /* Models */,
				07E62D7229046B3000D18E11 /* NsGroupTravelApp.swift */,
				07E62D7629046B3100D18E11 /* Assets.xcassets */,
				07E62D832904748000D18E11 /* GoogleService-Info.plist */,
				07E62D7829046B3100D18E11 /* Preview Content */,
			);
			path = NsGroupTravel;
			sourceTree = "<group>";
		};
		07E62D7829046B3100D18E11 /* Preview Content */ = {
			isa = PBXGroup;
			children = (
				07E62D7929046B3100D18E11 /* Preview Assets.xcassets */,
			);
			path = "Preview Content";
			sourceTree = "<group>";
		};
/* End PBXGroup section */

/* Begin PBXNativeTarget section */
		07E62D6E29046B3000D18E11 /* NsGroupTravel */ = {
			isa = PBXNativeTarget;
			buildConfigurationList = 07E62D7D29046B3100D18E11 /* Build configuration list for PBXNativeTarget "NsGroupTravel" */;
			buildPhases = (
				07E62D6B29046B3000D18E11 /* Sources */,
				07E62D6C29046B3000D18E11 /* Frameworks */,
				07E62D6D29046B3000D18E11 /* Resources */,
			);
			buildRules = (
			);
			dependencies = (
			);
			name = NsGroupTravel;
			packageProductDependencies = (
				07E62D812904740600D18E11 /* FirebaseFirestore */,
			);
			productName = NsGroupTravel;
			productReference = 07E62D6F29046B3000D18E11 /* NsGroupTravel.app */;
			productType = "com.apple.product-type.application";
		};
/* End PBXNativeTarget section */

/* Begin PBXProject section */
		07E62D6729046B3000D18E11 /* Project object */ = {
			isa = PBXProject;
			attributes = {
				BuildIndependentTargetsInParallel = 1;
				LastSwiftUpdateCheck = 1400;
				LastUpgradeCheck = 1400;
				TargetAttributes = {
					07E62D6E29046B3000D18E11 = {
						CreatedOnToolsVersion = 14.0.1;
					};
				};
			};
			buildConfigurationList = 07E62D6A29046B3000D18E11 /* Build configuration list for PBXProject "NsGroupTravel" */;
			compatibilityVersion = "Xcode 14.0";
			developmentRegion = en;
			hasScannedForEncodings = 0;
			knownRegions = (
				en,
				Base,
			);
			mainGroup = 07E62D6629046B3000D18E11;
			packageReferences = (
				07E62D802904740600D18E11 /* XCRemoteSwiftPackageReference "firebase-ios-sdk" */,
			);
			productRefGroup = 07E62D7029046B3000D18E11 /* Products */;
			projectDirPath = "";
			projectRoot = "";
			targets = (
				07E62D6E29046B3000D18E11 /* NsGroupTravel */,
			);
		};
/* End PBXProject section */

/* Begin PBXResourcesBuildPhase section */
		07E62D6D29046B3000D18E11 /* Resources */ = {
			isa = PBXResourcesBuildPhase;
			buildActionMask = 2147483647;
			files = (
				07E62D7A29046B3100D18E11 /* Preview Assets.xcassets in Resources */,
				07E62D7729046B3100D18E11 /* Assets.xcassets in Resources */,
				07E62D842904748100D18E11 /* GoogleService-Info.plist in Resources */,
			);
			runOnlyForDeploymentPostprocessing = 0;
		};
/* End PBXResourcesBuildPhase section */

/* Begin PBXSourcesBuildPhase section */
		07E62D6B29046B3000D18E11 /* Sources */ = {
			isa = PBXSourcesBuildPhase;
			buildActionMask = 2147483647;
			files = (
				0740AB672912F0CC0000BC79 /* LandingView.swift in Sources */,
				0740AB6D291489140000BC79 /* GroupDto.swift in Sources */,
				07A8A8202909C3EC0011638F /* GroupsView.swift in Sources */,
				0740AB6B291349930000BC79 /* GroupDetailsViewModel.swift in Sources */,
				07A8A82B290F12910011638F /* ColorExtension.swift in Sources */,
				07A8A8222909DD130011638F /* GroupCardView.swift in Sources */,
				07A8A8252909E9670011638F /* GroupsViewModel.swift in Sources */,
				07A8A8152909BCA50011638F /* Member.swift in Sources */,
				07E62D7329046B3000D18E11 /* NsGroupTravelApp.swift in Sources */,
				07A8A8112909AA990011638F /* Route.swift in Sources */,
				07A8A80F2909AA800011638F /* Group.swift in Sources */,
				0740AB692912F4390000BC79 /* GroupDetailView.swift in Sources */,
				07A8A827290DDB8F0011638F /* RoutesChoiceView.swift in Sources */,
			);
			runOnlyForDeploymentPostprocessing = 0;
		};
/* End PBXSourcesBuildPhase section */

/* Begin XCBuildConfiguration section */
		07E62D7B29046B3100D18E11 /* Debug */ = {
			isa = XCBuildConfiguration;
			buildSettings = {
				ALWAYS_SEARCH_USER_PATHS = NO;
				CLANG_ANALYZER_NONNULL = YES;
				CLANG_ANALYZER_NUMBER_OBJECT_CONVERSION = YES_AGGRESSIVE;
				CLANG_CXX_LANGUAGE_STANDARD = "gnu++20";
				CLANG_ENABLE_MODULES = YES;
				CLANG_ENABLE_OBJC_ARC = YES;
				CLANG_ENABLE_OBJC_WEAK = YES;
				CLANG_WARN_BLOCK_CAPTURE_AUTORELEASING = YES;
				CLANG_WARN_BOOL_CONVERSION = YES;
				CLANG_WARN_COMMA = YES;
				CLANG_WARN_CONSTANT_CONVERSION = YES;
				CLANG_WARN_DEPRECATED_OBJC_IMPLEMENTATIONS = YES;
				CLANG_WARN_DIRECT_OBJC_ISA_USAGE = YES_ERROR;
				CLANG_WARN_DOCUMENTATION_COMMENTS = YES;
				CLANG_WARN_EMPTY_BODY = YES;
				CLANG_WARN_ENUM_CONVERSION = YES;
				CLANG_WARN_INFINITE_RECURSION = YES;
				CLANG_WARN_INT_CONVERSION = YES;
				CLANG_WARN_NON_LITERAL_NULL_CONVERSION = YES;
				CLANG_WARN_OBJC_IMPLICIT_RETAIN_SELF = YES;
				CLANG_WARN_OBJC_LITERAL_CONVERSION = YES;
				CLANG_WARN_OBJC_ROOT_CLASS = YES_ERROR;
				CLANG_WARN_QUOTED_INCLUDE_IN_FRAMEWORK_HEADER = YES;
				CLANG_WARN_RANGE_LOOP_ANALYSIS = YES;
				CLANG_WARN_STRICT_PROTOTYPES = YES;
				CLANG_WARN_SUSPICIOUS_MOVE = YES;
				CLANG_WARN_UNGUARDED_AVAILABILITY = YES_AGGRESSIVE;
				CLANG_WARN_UNREACHABLE_CODE = YES;
				CLANG_WARN__DUPLICATE_METHOD_MATCH = YES;
				COPY_PHASE_STRIP = NO;
				DEBUG_INFORMATION_FORMAT = dwarf;
				ENABLE_STRICT_OBJC_MSGSEND = YES;
				ENABLE_TESTABILITY = YES;
				GCC_C_LANGUAGE_STANDARD = gnu11;
				GCC_DYNAMIC_NO_PIC = NO;
				GCC_NO_COMMON_BLOCKS = YES;
				GCC_OPTIMIZATION_LEVEL = 0;
				GCC_PREPROCESSOR_DEFINITIONS = (
					"DEBUG=1",
					"$(inherited)",
				);
				GCC_WARN_64_TO_32_BIT_CONVERSION = YES;
				GCC_WARN_ABOUT_RETURN_TYPE = YES_ERROR;
				GCC_WARN_UNDECLARED_SELECTOR = YES;
				GCC_WARN_UNINITIALIZED_AUTOS = YES_AGGRESSIVE;
				GCC_WARN_UNUSED_FUNCTION = YES;
				GCC_WARN_UNUSED_VARIABLE = YES;
				IPHONEOS_DEPLOYMENT_TARGET = 16.0;
				MTL_ENABLE_DEBUG_INFO = INCLUDE_SOURCE;
				MTL_FAST_MATH = YES;
				ONLY_ACTIVE_ARCH = YES;
				SDKROOT = iphoneos;
				SWIFT_ACTIVE_COMPILATION_CONDITIONS = DEBUG;
				SWIFT_OPTIMIZATION_LEVEL = "-Onone";
			};
			name = Debug;
		};
		07E62D7C29046B3100D18E11 /* Release */ = {
			isa = XCBuildConfiguration;
			buildSettings = {
				ALWAYS_SEARCH_USER_PATHS = NO;
				CLANG_ANALYZER_NONNULL = YES;
				CLANG_ANALYZER_NUMBER_OBJECT_CONVERSION = YES_AGGRESSIVE;
				CLANG_CXX_LANGUAGE_STANDARD = "gnu++20";
				CLANG_ENABLE_MODULES = YES;
				CLANG_ENABLE_OBJC_ARC = YES;
				CLANG_ENABLE_OBJC_WEAK = YES;
				CLANG_WARN_BLOCK_CAPTURE_AUTORELEASING = YES;
				CLANG_WARN_BOOL_CONVERSION = YES;
				CLANG_WARN_COMMA = YES;
				CLANG_WARN_CONSTANT_CONVERSION = YES;
				CLANG_WARN_DEPRECATED_OBJC_IMPLEMENTATIONS = YES;
				CLANG_WARN_DIRECT_OBJC_ISA_USAGE = YES_ERROR;
				CLANG_WARN_DOCUMENTATION_COMMENTS = YES;
				CLANG_WARN_EMPTY_BODY = YES;
				CLANG_WARN_ENUM_CONVERSION = YES;
				CLANG_WARN_INFINITE_RECURSION = YES;
				CLANG_WARN_INT_CONVERSION = YES;
				CLANG_WARN_NON_LITERAL_NULL_CONVERSION = YES;
				CLANG_WARN_OBJC_IMPLICIT_RETAIN_SELF = YES;
				CLANG_WARN_OBJC_LITERAL_CONVERSION = YES;
				CLANG_WARN_OBJC_ROOT_CLASS = YES_ERROR;
				CLANG_WARN_QUOTED_INCLUDE_IN_FRAMEWORK_HEADER = YES;
				CLANG_WARN_RANGE_LOOP_ANALYSIS = YES;
				CLANG_WARN_STRICT_PROTOTYPES = YES;
				CLANG_WARN_SUSPICIOUS_MOVE = YES;
				CLANG_WARN_UNGUARDED_AVAILABILITY = YES_AGGRESSIVE;
				CLANG_WARN_UNREACHABLE_CODE = YES;
				CLANG_WARN__DUPLICATE_METHOD_MATCH = YES;
				COPY_PHASE_STRIP = NO;
				DEBUG_INFORMATION_FORMAT = "dwarf-with-dsym";
				ENABLE_NS_ASSERTIONS = NO;
				ENABLE_STRICT_OBJC_MSGSEND = YES;
				GCC_C_LANGUAGE_STANDARD = gnu11;
				GCC_NO_COMMON_BLOCKS = YES;
				GCC_WARN_64_TO_32_BIT_CONVERSION = YES;
				GCC_WARN_ABOUT_RETURN_TYPE = YES_ERROR;
				GCC_WARN_UNDECLARED_SELECTOR = YES;
				GCC_WARN_UNINITIALIZED_AUTOS = YES_AGGRESSIVE;
				GCC_WARN_UNUSED_FUNCTION = YES;
				GCC_WARN_UNUSED_VARIABLE = YES;
				IPHONEOS_DEPLOYMENT_TARGET = 16.0;
				MTL_ENABLE_DEBUG_INFO = NO;
				MTL_FAST_MATH = YES;
				SDKROOT = iphoneos;
				SWIFT_COMPILATION_MODE = wholemodule;
				SWIFT_OPTIMIZATION_LEVEL = "-O";
				VALIDATE_PRODUCT = YES;
			};
			name = Release;
		};
		07E62D7E29046B3100D18E11 /* Debug */ = {
			isa = XCBuildConfiguration;
			buildSettings = {
				ASSETCATALOG_COMPILER_APPICON_NAME = AppIcon;
				ASSETCATALOG_COMPILER_GLOBAL_ACCENT_COLOR_NAME = AccentColor;
				CODE_SIGN_STYLE = Automatic;
				CURRENT_PROJECT_VERSION = 1;
				DEVELOPMENT_ASSET_PATHS = "\"NsGroupTravel/Preview Content\"";
				ENABLE_PREVIEWS = YES;
				GENERATE_INFOPLIST_FILE = YES;
				INFOPLIST_KEY_UIApplicationSceneManifest_Generation = YES;
				INFOPLIST_KEY_UIApplicationSupportsIndirectInputEvents = YES;
				INFOPLIST_KEY_UILaunchScreen_Generation = YES;
				INFOPLIST_KEY_UISupportedInterfaceOrientations_iPad = "UIInterfaceOrientationPortrait UIInterfaceOrientationPortraitUpsideDown UIInterfaceOrientationLandscapeLeft UIInterfaceOrientationLandscapeRight";
				INFOPLIST_KEY_UISupportedInterfaceOrientations_iPhone = "UIInterfaceOrientationPortrait UIInterfaceOrientationLandscapeLeft UIInterfaceOrientationLandscapeRight";
				LD_RUNPATH_SEARCH_PATHS = (
					"$(inherited)",
					"@executable_path/Frameworks",
				);
				MARKETING_VERSION = 1.0;
				PRODUCT_BUNDLE_IDENTIFIER = nl.fontys.NsGroupTravel;
				PRODUCT_NAME = "$(TARGET_NAME)";
				SWIFT_EMIT_LOC_STRINGS = YES;
				SWIFT_VERSION = 5.0;
				TARGETED_DEVICE_FAMILY = "1,2";
			};
			name = Debug;
		};
		07E62D7F29046B3100D18E11 /* Release */ = {
			isa = XCBuildConfiguration;
			buildSettings = {
				ASSETCATALOG_COMPILER_APPICON_NAME = AppIcon;
				ASSETCATALOG_COMPILER_GLOBAL_ACCENT_COLOR_NAME = AccentColor;
				CODE_SIGN_STYLE = Automatic;
				CURRENT_PROJECT_VERSION = 1;
				DEVELOPMENT_ASSET_PATHS = "\"NsGroupTravel/Preview Content\"";
				ENABLE_PREVIEWS = YES;
				GENERATE_INFOPLIST_FILE = YES;
				INFOPLIST_KEY_UIApplicationSceneManifest_Generation = YES;
				INFOPLIST_KEY_UIApplicationSupportsIndirectInputEvents = YES;
				INFOPLIST_KEY_UILaunchScreen_Generation = YES;
				INFOPLIST_KEY_UISupportedInterfaceOrientations_iPad = "UIInterfaceOrientationPortrait UIInterfaceOrientationPortraitUpsideDown UIInterfaceOrientationLandscapeLeft UIInterfaceOrientationLandscapeRight";
				INFOPLIST_KEY_UISupportedInterfaceOrientations_iPhone = "UIInterfaceOrientationPortrait UIInterfaceOrientationLandscapeLeft UIInterfaceOrientationLandscapeRight";
				LD_RUNPATH_SEARCH_PATHS = (
					"$(inherited)",
					"@executable_path/Frameworks",
				);
				MARKETING_VERSION = 1.0;
				PRODUCT_BUNDLE_IDENTIFIER = nl.fontys.NsGroupTravel;
				PRODUCT_NAME = "$(TARGET_NAME)";
				SWIFT_EMIT_LOC_STRINGS = YES;
				SWIFT_VERSION = 5.0;
				TARGETED_DEVICE_FAMILY = "1,2";
			};
			name = Release;
		};
/* End XCBuildConfiguration section */

/* Begin XCConfigurationList section */
		07E62D6A29046B3000D18E11 /* Build configuration list for PBXProject "NsGroupTravel" */ = {
			isa = XCConfigurationList;
			buildConfigurations = (
				07E62D7B29046B3100D18E11 /* Debug */,
				07E62D7C29046B3100D18E11 /* Release */,
			);
			defaultConfigurationIsVisible = 0;
			defaultConfigurationName = Release;
		};
		07E62D7D29046B3100D18E11 /* Build configuration list for PBXNativeTarget "NsGroupTravel" */ = {
			isa = XCConfigurationList;
			buildConfigurations = (
				07E62D7E29046B3100D18E11 /* Debug */,
				07E62D7F29046B3100D18E11 /* Release */,
			);
			defaultConfigurationIsVisible = 0;
			defaultConfigurationName = Release;
		};
/* End XCConfigurationList section */

/* Begin XCRemoteSwiftPackageReference section */
		07E62D802904740600D18E11 /* XCRemoteSwiftPackageReference "firebase-ios-sdk" */ = {
			isa = XCRemoteSwiftPackageReference;
			repositoryURL = "https://github.com/firebase/firebase-ios-sdk.git";
			requirement = {
				kind = upToNextMajorVersion;
				minimumVersion = 9.0.0;
			};
		};
/* End XCRemoteSwiftPackageReference section */

/* Begin XCSwiftPackageProductDependency section */
		07E62D812904740600D18E11 /* FirebaseFirestore */ = {
			isa = XCSwiftPackageProductDependency;
			package = 07E62D802904740600D18E11 /* XCRemoteSwiftPackageReference "firebase-ios-sdk" */;
			productName = FirebaseFirestore;
		};
/* End XCSwiftPackageProductDependency section */
	};
	rootObject = 07E62D6729046B3000D18E11 /* Project object */;
}
